// !$*UTF8*$!
{
	archiveVersion = 1;
	classes = {
	};
	objectVersion = 56;
	objects = {

/* Begin PBXBuildFile section */
		10EB43C92CBF21470048B5C4 /* AppDelegate.swift in Sources */ = {isa = PBXBuildFile; fileRef = 10EB43C82CBF21470048B5C4 /* AppDelegate.swift */; };
		10EB43CB2CBF21470048B5C4 /* SceneDelegate.swift in Sources */ = {isa = PBXBuildFile; fileRef = 10EB43CA2CBF21470048B5C4 /* SceneDelegate.swift */; };
		10EB43CD2CBF21470048B5C4 /* ViewController.swift in Sources */ = {isa = PBXBuildFile; fileRef = 10EB43CC2CBF21470048B5C4 /* ViewController.swift */; };
		10EB43D02CBF21470048B5C4 /* Main.storyboard in Resources */ = {isa = PBXBuildFile; fileRef = 10EB43CE2CBF21470048B5C4 /* Main.storyboard */; };
		10EB43D22CBF21480048B5C4 /* Assets.xcassets in Resources */ = {isa = PBXBuildFile; fileRef = 10EB43D12CBF21480048B5C4 /* Assets.xcassets */; };
		10EB43D52CBF21480048B5C4 /* LaunchScreen.storyboard in Resources */ = {isa = PBXBuildFile; fileRef = 10EB43D32CBF21480048B5C4 /* LaunchScreen.storyboard */; };
		10EB43E02CBF21480048B5C4 /* FamilyTreeTests.swift in Sources */ = {isa = PBXBuildFile; fileRef = 10EB43DF2CBF21480048B5C4 /* FamilyTreeTests.swift */; };
		10EB43EA2CBF21480048B5C4 /* FamilyTreeUITests.swift in Sources */ = {isa = PBXBuildFile; fileRef = 10EB43E92CBF21480048B5C4 /* FamilyTreeUITests.swift */; };
		10EB43EC2CBF21480048B5C4 /* FamilyTreeUITestsLaunchTests.swift in Sources */ = {isa = PBXBuildFile; fileRef = 10EB43EB2CBF21480048B5C4 /* FamilyTreeUITestsLaunchTests.swift */; };
		10EB43F92CBF37100048B5C4 /* SecondVC.swift in Sources */ = {isa = PBXBuildFile; fileRef = 10EB43F82CBF37100048B5C4 /* SecondVC.swift */; };
		10EB43FB2CBF5A240048B5C4 /* imageDateHolder.swift in Sources */ = {isa = PBXBuildFile; fileRef = 10EB43FA2CBF5A240048B5C4 /* imageDateHolder.swift */; };
/* End PBXBuildFile section */

/* Begin PBXContainerItemProxy section */
		10EB43DC2CBF21480048B5C4 /* PBXContainerItemProxy */ = {
			isa = PBXContainerItemProxy;
			containerPortal = 10EB43BD2CBF21470048B5C4 /* Project object */;
			proxyType = 1;
			remoteGlobalIDString = 10EB43C42CBF21470048B5C4;
			remoteInfo = FamilyTree;
		};
		10EB43E62CBF21480048B5C4 /* PBXContainerItemProxy */ = {
			isa = PBXContainerItemProxy;
			containerPortal = 10EB43BD2CBF21470048B5C4 /* Project object */;
			proxyType = 1;
			remoteGlobalIDString = 10EB43C42CBF21470048B5C4;
			remoteInfo = FamilyTree;
		};
/* End PBXContainerItemProxy section */

/* Begin PBXFileReference section */
		10EB43C52CBF21470048B5C4 /* FamilyTree.app */ = {isa = PBXFileReference; explicitFileType = wrapper.application; includeInIndex = 0; path = FamilyTree.app; sourceTree = BUILT_PRODUCTS_DIR; };
		10EB43C82CBF21470048B5C4 /* AppDelegate.swift */ = {isa = PBXFileReference; lastKnownFileType = sourcecode.swift; path = AppDelegate.swift; sourceTree = "<group>"; };
		10EB43CA2CBF21470048B5C4 /* SceneDelegate.swift */ = {isa = PBXFileReference; lastKnownFileType = sourcecode.swift; path = SceneDelegate.swift; sourceTree = "<group>"; };
		10EB43CC2CBF21470048B5C4 /* ViewController.swift */ = {isa = PBXFileReference; lastKnownFileType = sourcecode.swift; path = ViewController.swift; sourceTree = "<group>"; };
		10EB43CF2CBF21470048B5C4 /* Base */ = {isa = PBXFileReference; lastKnownFileType = file.storyboard; name = Base; path = Base.lproj/Main.storyboard; sourceTree = "<group>"; };
		10EB43D12CBF21480048B5C4 /* Assets.xcassets */ = {isa = PBXFileReference; lastKnownFileType = folder.assetcatalog; path = Assets.xcassets; sourceTree = "<group>"; };
		10EB43D42CBF21480048B5C4 /* Base */ = {isa = PBXFileReference; lastKnownFileType = file.storyboard; name = Base; path = Base.lproj/LaunchScreen.storyboard; sourceTree = "<group>"; };
		10EB43D62CBF21480048B5C4 /* Info.plist */ = {isa = PBXFileReference; lastKnownFileType = text.plist.xml; path = Info.plist; sourceTree = "<group>"; };
		10EB43DB2CBF21480048B5C4 /* FamilyTreeTests.xctest */ = {isa = PBXFileReference; explicitFileType = wrapper.cfbundle; includeInIndex = 0; path = FamilyTreeTests.xctest; sourceTree = BUILT_PRODUCTS_DIR; };
		10EB43DF2CBF21480048B5C4 /* FamilyTreeTests.swift */ = {isa = PBXFileReference; lastKnownFileType = sourcecode.swift; path = FamilyTreeTests.swift; sourceTree = "<group>"; };
		10EB43E52CBF21480048B5C4 /* FamilyTreeUITests.xctest */ = {isa = PBXFileReference; explicitFileType = wrapper.cfbundle; includeInIndex = 0; path = FamilyTreeUITests.xctest; sourceTree = BUILT_PRODUCTS_DIR; };
		10EB43E92CBF21480048B5C4 /* FamilyTreeUITests.swift */ = {isa = PBXFileReference; lastKnownFileType = sourcecode.swift; path = FamilyTreeUITests.swift; sourceTree = "<group>"; };
		10EB43EB2CBF21480048B5C4 /* FamilyTreeUITestsLaunchTests.swift */ = {isa = PBXFileReference; lastKnownFileType = sourcecode.swift; path = FamilyTreeUITestsLaunchTests.swift; sourceTree = "<group>"; };
		10EB43F82CBF37100048B5C4 /* SecondVC.swift */ = {isa = PBXFileReference; lastKnownFileType = sourcecode.swift; path = SecondVC.swift; sourceTree = "<group>"; };
		10EB43FA2CBF5A240048B5C4 /* imageDateHolder.swift */ = {isa = PBXFileReference; lastKnownFileType = sourcecode.swift; path = imageDateHolder.swift; sourceTree = "<group>"; };
/* End PBXFileReference section */

/* Begin PBXFrameworksBuildPhase section */
		10EB43C22CBF21470048B5C4 /* Frameworks */ = {
			isa = PBXFrameworksBuildPhase;
			buildActionMask = 2147483647;
			files = (
			);
			runOnlyForDeploymentPostprocessing = 0;
		};
		10EB43D82CBF21480048B5C4 /* Frameworks */ = {
			isa = PBXFrameworksBuildPhase;
			buildActionMask = 2147483647;
			files = (
			);
			runOnlyForDeploymentPostprocessing = 0;
		};
		10EB43E22CBF21480048B5C4 /* Frameworks */ = {
			isa = PBXFrameworksBuildPhase;
			buildActionMask = 2147483647;
			files = (
			);
			runOnlyForDeploymentPostprocessing = 0;
		};
/* End PBXFrameworksBuildPhase section */

/* Begin PBXGroup section */
		10EB43BC2CBF21470048B5C4 = {
			isa = PBXGroup;
			children = (
				10EB43C72CBF21470048B5C4 /* FamilyTree */,
				10EB43DE2CBF21480048B5C4 /* FamilyTreeTests */,
				10EB43E82CBF21480048B5C4 /* FamilyTreeUITests */,
				10EB43C62CBF21470048B5C4 /* Products */,
			);
			sourceTree = "<group>";
		};
		10EB43C62CBF21470048B5C4 /* Products */ = {
			isa = PBXGroup;
			children = (
				10EB43C52CBF21470048B5C4 /* FamilyTree.app */,
				10EB43DB2CBF21480048B5C4 /* FamilyTreeTests.xctest */,
				10EB43E52CBF21480048B5C4 /* FamilyTreeUITests.xctest */,
			);
			name = Products;
			sourceTree = "<group>";
		};
		10EB43C72CBF21470048B5C4 /* FamilyTree */ = {
			isa = PBXGroup;
			children = (
				10EB43C82CBF21470048B5C4 /* AppDelegate.swift */,
				10EB43CA2CBF21470048B5C4 /* SceneDelegate.swift */,
				10EB43CC2CBF21470048B5C4 /* ViewController.swift */,
				10EB43FA2CBF5A240048B5C4 /* imageDateHolder.swift */,
				10EB43F82CBF37100048B5C4 /* SecondVC.swift */,
				10EB43CE2CBF21470048B5C4 /* Main.storyboard */,
				10EB43D12CBF21480048B5C4 /* Assets.xcassets */,
				10EB43D32CBF21480048B5C4 /* LaunchScreen.storyboard */,
				10EB43D62CBF21480048B5C4 /* Info.plist */,
			);
			path = FamilyTree;
			sourceTree = "<group>";
		};
		10EB43DE2CBF21480048B5C4 /* FamilyTreeTests */ = {
			isa = PBXGroup;
			children = (
				10EB43DF2CBF21480048B5C4 /* FamilyTreeTests.swift */,
			);
			path = FamilyTreeTests;
			sourceTree = "<group>";
		};
		10EB43E82CBF21480048B5C4 /* FamilyTreeUITests */ = {
			isa = PBXGroup;
			children = (
				10EB43E92CBF21480048B5C4 /* FamilyTreeUITests.swift */,
				10EB43EB2CBF21480048B5C4 /* FamilyTreeUITestsLaunchTests.swift */,
			);
			path = FamilyTreeUITests;
			sourceTree = "<group>";
		};
/* End PBXGroup section */

/* Begin PBXNativeTarget section */
		10EB43C42CBF21470048B5C4 /* FamilyTree */ = {
			isa = PBXNativeTarget;
			buildConfigurationList = 10EB43EF2CBF21480048B5C4 /* Build configuration list for PBXNativeTarget "FamilyTree" */;
			buildPhases = (
				10EB43C12CBF21470048B5C4 /* Sources */,
				10EB43C22CBF21470048B5C4 /* Frameworks */,
				10EB43C32CBF21470048B5C4 /* Resources */,
			);
			buildRules = (
			);
			dependencies = (
			);
			name = FamilyTree;
			productName = FamilyTree;
			productReference = 10EB43C52CBF21470048B5C4 /* FamilyTree.app */;
			productType = "com.apple.product-type.application";
		};
		10EB43DA2CBF21480048B5C4 /* FamilyTreeTests */ = {
			isa = PBXNativeTarget;
			buildConfigurationList = 10EB43F22CBF21480048B5C4 /* Build configuration list for PBXNativeTarget "FamilyTreeTests" */;
			buildPhases = (
				10EB43D72CBF21480048B5C4 /* Sources */,
				10EB43D82CBF21480048B5C4 /* Frameworks */,
				10EB43D92CBF21480048B5C4 /* Resources */,
			);
			buildRules = (
			);
			dependencies = (
				10EB43DD2CBF21480048B5C4 /* PBXTargetDependency */,
			);
			name = FamilyTreeTests;
			productName = FamilyTreeTests;
			productReference = 10EB43DB2CBF21480048B5C4 /* FamilyTreeTests.xctest */;
			productType = "com.apple.product-type.bundle.unit-test";
		};
		10EB43E42CBF21480048B5C4 /* FamilyTreeUITests */ = {
			isa = PBXNativeTarget;
			buildConfigurationList = 10EB43F52CBF21480048B5C4 /* Build configuration list for PBXNativeTarget "FamilyTreeUITests" */;
			buildPhases = (
				10EB43E12CBF21480048B5C4 /* Sources */,
				10EB43E22CBF21480048B5C4 /* Frameworks */,
				10EB43E32CBF21480048B5C4 /* Resources */,
			);
			buildRules = (
			);
			dependencies = (
				10EB43E72CBF21480048B5C4 /* PBXTargetDependency */,
			);
			name = FamilyTreeUITests;
			productName = FamilyTreeUITests;
			productReference = 10EB43E52CBF21480048B5C4 /* FamilyTreeUITests.xctest */;
			productType = "com.apple.product-type.bundle.ui-testing";
		};
/* End PBXNativeTarget section */

/* Begin PBXProject section */
		10EB43BD2CBF21470048B5C4 /* Project object */ = {
			isa = PBXProject;
			attributes = {
				BuildIndependentTargetsInParallel = 1;
				LastSwiftUpdateCheck = 1500;
				LastUpgradeCheck = 1500;
				TargetAttributes = {
					10EB43C42CBF21470048B5C4 = {
						CreatedOnToolsVersion = 15.0;
					};
					10EB43DA2CBF21480048B5C4 = {
						CreatedOnToolsVersion = 15.0;
						TestTargetID = 10EB43C42CBF21470048B5C4;
					};
					10EB43E42CBF21480048B5C4 = {
						CreatedOnToolsVersion = 15.0;
						TestTargetID = 10EB43C42CBF21470048B5C4;
					};
				};
			};
			buildConfigurationList = 10EB43C02CBF21470048B5C4 /* Build configuration list for PBXProject "FamilyTree" */;
			compatibilityVersion = "Xcode 14.0";
			developmentRegion = en;
			hasScannedForEncodings = 0;
			knownRegions = (
				en,
				Base,
			);
			mainGroup = 10EB43BC2CBF21470048B5C4;
			productRefGroup = 10EB43C62CBF21470048B5C4 /* Products */;
			projectDirPath = "";
			projectRoot = "";
			targets = (
				10EB43C42CBF21470048B5C4 /* FamilyTree */,
				10EB43DA2CBF21480048B5C4 /* FamilyTreeTests */,
				10EB43E42CBF21480048B5C4 /* FamilyTreeUITests */,
			);
		};
/* End PBXProject section */

/* Begin PBXResourcesBuildPhase section */
		10EB43C32CBF21470048B5C4 /* Resources */ = {
			isa = PBXResourcesBuildPhase;
			buildActionMask = 2147483647;
			files = (
				10EB43D52CBF21480048B5C4 /* LaunchScreen.storyboard in Resources */,
				10EB43D22CBF21480048B5C4 /* Assets.xcassets in Resources */,
				10EB43D02CBF21470048B5C4 /* Main.storyboard in Resources */,
			);
			runOnlyForDeploymentPostprocessing = 0;
		};
		10EB43D92CBF21480048B5C4 /* Resources */ = {
			isa = PBXResourcesBuildPhase;
			buildActionMask = 2147483647;
			files = (
			);
			runOnlyForDeploymentPostprocessing = 0;
		};
		10EB43E32CBF21480048B5C4 /* Resources */ = {
			isa = PBXResourcesBuildPhase;
			buildActionMask = 2147483647;
			files = (
			);
			runOnlyForDeploymentPostprocessing = 0;
		};
/* End PBXResourcesBuildPhase section */

/* Begin PBXSourcesBuildPhase section */
		10EB43C12CBF21470048B5C4 /* Sources */ = {
			isa = PBXSourcesBuildPhase;
			buildActionMask = 2147483647;
			files = (
				10EB43CD2CBF21470048B5C4 /* ViewController.swift in Sources */,
				10EB43C92CBF21470048B5C4 /* AppDelegate.swift in Sources */,
				10EB43F92CBF37100048B5C4 /* SecondVC.swift in Sources */,
				10EB43CB2CBF21470048B5C4 /* SceneDelegate.swift in Sources */,
				10EB43FB2CBF5A240048B5C4 /* imageDateHolder.swift in Sources */,
			);
			runOnlyForDeploymentPostprocessing = 0;
		};
		10EB43D72CBF21480048B5C4 /* Sources */ = {
			isa = PBXSourcesBuildPhase;
			buildActionMask = 2147483647;
			files = (
				10EB43E02CBF21480048B5C4 /* FamilyTreeTests.swift in Sources */,
			);
			runOnlyForDeploymentPostprocessing = 0;
		};
		10EB43E12CBF21480048B5C4 /* Sources */ = {
			isa = PBXSourcesBuildPhase;
			buildActionMask = 2147483647;
			files = (
				10EB43EC2CBF21480048B5C4 /* FamilyTreeUITestsLaunchTests.swift in Sources */,
				10EB43EA2CBF21480048B5C4 /* FamilyTreeUITests.swift in Sources */,
			);
			runOnlyForDeploymentPostprocessing = 0;
		};
/* End PBXSourcesBuildPhase section */

/* Begin PBXTargetDependency section */
		10EB43DD2CBF21480048B5C4 /* PBXTargetDependency */ = {
			isa = PBXTargetDependency;
			target = 10EB43C42CBF21470048B5C4 /* FamilyTree */;
			targetProxy = 10EB43DC2CBF21480048B5C4 /* PBXContainerItemProxy */;
		};
		10EB43E72CBF21480048B5C4 /* PBXTargetDependency */ = {
			isa = PBXTargetDependency;
			target = 10EB43C42CBF21470048B5C4 /* FamilyTree */;
			targetProxy = 10EB43E62CBF21480048B5C4 /* PBXContainerItemProxy */;
		};
/* End PBXTargetDependency section */

/* Begin PBXVariantGroup section */
		10EB43CE2CBF21470048B5C4 /* Main.storyboard */ = {
			isa = PBXVariantGroup;
			children = (
				10EB43CF2CBF21470048B5C4 /* Base */,
			);
			name = Main.storyboard;
			sourceTree = "<group>";
		};
		10EB43D32CBF21480048B5C4 /* LaunchScreen.storyboard */ = {
			isa = PBXVariantGroup;
			children = (
				10EB43D42CBF21480048B5C4 /* Base */,
			);
			name = LaunchScreen.storyboard;
			sourceTree = "<group>";
		};
/* End PBXVariantGroup section */

/* Begin XCBuildConfiguration section */
		10EB43ED2CBF21480048B5C4 /* Debug */ = {
			isa = XCBuildConfiguration;
			buildSettings = {
				ALWAYS_SEARCH_USER_PATHS = NO;
				ASSETCATALOG_COMPILER_GENERATE_SWIFT_ASSET_SYMBOL_EXTENSIONS = YES;
				CLANG_ANALYZER_NONNULL = YES;
				CLANG_ANALYZER_NUMBER_OBJECT_CONVERSION = YES_AGGRESSIVE;
				CLANG_CXX_LANGUAGE_STANDARD = "gnu++20";
				CLANG_ENABLE_MODULES = YES;
				CLANG_ENABLE_OBJC_ARC = YES;
				CLANG_ENABLE_OBJC_WEAK = YES;
				CLANG_WARN_BLOCK_CAPTURE_AUTORELEASING = YES;
				CLANG_WARN_BOOL_CONVERSION = YES;
				CLANG_WARN_COMMA = YES;
				CLANG_WARN_CONSTANT_CONVERSION = YES;
				CLANG_WARN_DEPRECATED_OBJC_IMPLEMENTATIONS = YES;
				CLANG_WARN_DIRECT_OBJC_ISA_USAGE = YES_ERROR;
				CLANG_WARN_DOCUMENTATION_COMMENTS = YES;
				CLANG_WARN_EMPTY_BODY = YES;
				CLANG_WARN_ENUM_CONVERSION = YES;
				CLANG_WARN_INFINITE_RECURSION = YES;
				CLANG_WARN_INT_CONVERSION = YES;
				CLANG_WARN_NON_LITERAL_NULL_CONVERSION = YES;
				CLANG_WARN_OBJC_IMPLICIT_RETAIN_SELF = YES;
				CLANG_WARN_OBJC_LITERAL_CONVERSION = YES;
				CLANG_WARN_OBJC_ROOT_CLASS = YES_ERROR;
				CLANG_WARN_QUOTED_INCLUDE_IN_FRAMEWORK_HEADER = YES;
				CLANG_WARN_RANGE_LOOP_ANALYSIS = YES;
				CLANG_WARN_STRICT_PROTOTYPES = YES;
				CLANG_WARN_SUSPICIOUS_MOVE = YES;
				CLANG_WARN_UNGUARDED_AVAILABILITY = YES_AGGRESSIVE;
				CLANG_WARN_UNREACHABLE_CODE = YES;
				CLANG_WARN__DUPLICATE_METHOD_MATCH = YES;
				COPY_PHASE_STRIP = NO;
				DEBUG_INFORMATION_FORMAT = dwarf;
				ENABLE_STRICT_OBJC_MSGSEND = YES;
				ENABLE_TESTABILITY = YES;
				ENABLE_USER_SCRIPT_SANDBOXING = YES;
				GCC_C_LANGUAGE_STANDARD = gnu17;
				GCC_DYNAMIC_NO_PIC = NO;
				GCC_NO_COMMON_BLOCKS = YES;
				GCC_OPTIMIZATION_LEVEL = 0;
				GCC_PREPROCESSOR_DEFINITIONS = (
					"DEBUG=1",
					"$(inherited)",
				);
				GCC_WARN_64_TO_32_BIT_CONVERSION = YES;
				GCC_WARN_ABOUT_RETURN_TYPE = YES_ERROR;
				GCC_WARN_UNDECLARED_SELECTOR = YES;
				GCC_WARN_UNINITIALIZED_AUTOS = YES_AGGRESSIVE;
				GCC_WARN_UNUSED_FUNCTION = YES;
				GCC_WARN_UNUSED_VARIABLE = YES;
				IPHONEOS_DEPLOYMENT_TARGET = 17.0;
				LOCALIZATION_PREFERS_STRING_CATALOGS = YES;
				MTL_ENABLE_DEBUG_INFO = INCLUDE_SOURCE;
				MTL_FAST_MATH = YES;
				ONLY_ACTIVE_ARCH = YES;
				SDKROOT = iphoneos;
				SWIFT_ACTIVE_COMPILATION_CONDITIONS = "DEBUG $(inherited)";
				SWIFT_OPTIMIZATION_LEVEL = "-Onone";
			};
			name = Debug;
		};
		10EB43EE2CBF21480048B5C4 /* Release */ = {
			isa = XCBuildConfiguration;
			buildSettings = {
				ALWAYS_SEARCH_USER_PATHS = NO;
				ASSETCATALOG_COMPILER_GENERATE_SWIFT_ASSET_SYMBOL_EXTENSIONS = YES;
				CLANG_ANALYZER_NONNULL = YES;
				CLANG_ANALYZER_NUMBER_OBJECT_CONVERSION = YES_AGGRESSIVE;
				CLANG_CXX_LANGUAGE_STANDARD = "gnu++20";
				CLANG_ENABLE_MODULES = YES;
				CLANG_ENABLE_OBJC_ARC = YES;
				CLANG_ENABLE_OBJC_WEAK = YES;
				CLANG_WARN_BLOCK_CAPTURE_AUTORELEASING = YES;
				CLANG_WARN_BOOL_CONVERSION = YES;
				CLANG_WARN_COMMA = YES;
				CLANG_WARN_CONSTANT_CONVERSION = YES;
				CLANG_WARN_DEPRECATED_OBJC_IMPLEMENTATIONS = YES;
				CLANG_WARN_DIRECT_OBJC_ISA_USAGE = YES_ERROR;
				CLANG_WARN_DOCUMENTATION_COMMENTS = YES;
				CLANG_WARN_EMPTY_BODY = YES;
				CLANG_WARN_ENUM_CONVERSION = YES;
				CLANG_WARN_INFINITE_RECURSION = YES;
				CLANG_WARN_INT_CONVERSION = YES;
				CLANG_WARN_NON_LITERAL_NULL_CONVERSION = YES;
				CLANG_WARN_OBJC_IMPLICIT_RETAIN_SELF = YES;
				CLANG_WARN_OBJC_LITERAL_CONVERSION = YES;
				CLANG_WARN_OBJC_ROOT_CLASS = YES_ERROR;
				CLANG_WARN_QUOTED_INCLUDE_IN_FRAMEWORK_HEADER = YES;
				CLANG_WARN_RANGE_LOOP_ANALYSIS = YES;
				CLANG_WARN_STRICT_PROTOTYPES = YES;
				CLANG_WARN_SUSPICIOUS_MOVE = YES;
				CLANG_WARN_UNGUARDED_AVAILABILITY = YES_AGGRESSIVE;
				CLANG_WARN_UNREACHABLE_CODE = YES;
				CLANG_WARN__DUPLICATE_METHOD_MATCH = YES;
				COPY_PHASE_STRIP = NO;
				DEBUG_INFORMATION_FORMAT = "dwarf-with-dsym";
				ENABLE_NS_ASSERTIONS = NO;
				ENABLE_STRICT_OBJC_MSGSEND = YES;
				ENABLE_USER_SCRIPT_SANDBOXING = YES;
				GCC_C_LANGUAGE_STANDARD = gnu17;
				GCC_NO_COMMON_BLOCKS = YES;
				GCC_WARN_64_TO_32_BIT_CONVERSION = YES;
				GCC_WARN_ABOUT_RETURN_TYPE = YES_ERROR;
				GCC_WARN_UNDECLARED_SELECTOR = YES;
				GCC_WARN_UNINITIALIZED_AUTOS = YES_AGGRESSIVE;
				GCC_WARN_UNUSED_FUNCTION = YES;
				GCC_WARN_UNUSED_VARIABLE = YES;
				IPHONEOS_DEPLOYMENT_TARGET = 17.0;
				LOCALIZATION_PREFERS_STRING_CATALOGS = YES;
				MTL_ENABLE_DEBUG_INFO = NO;
				MTL_FAST_MATH = YES;
				SDKROOT = iphoneos;
				SWIFT_COMPILATION_MODE = wholemodule;
				VALIDATE_PRODUCT = YES;
			};
			name = Release;
		};
		10EB43F02CBF21480048B5C4 /* Debug */ = {
			isa = XCBuildConfiguration;
			buildSettings = {
				ASSETCATALOG_COMPILER_APPICON_NAME = AppIcon;
				ASSETCATALOG_COMPILER_GLOBAL_ACCENT_COLOR_NAME = AccentColor;
				CODE_SIGN_STYLE = Automatic;
				CURRENT_PROJECT_VERSION = 1;
				GENERATE_INFOPLIST_FILE = YES;
				INFOPLIST_FILE = FamilyTree/Info.plist;
				INFOPLIST_KEY_UIApplicationSupportsIndirectInputEvents = YES;
				INFOPLIST_KEY_UILaunchStoryboardName = LaunchScreen;
				INFOPLIST_KEY_UIMainStoryboardFile = Main;
				INFOPLIST_KEY_UISupportedInterfaceOrientations_iPad = "UIInterfaceOrientationPortrait UIInterfaceOrientationPortraitUpsideDown UIInterfaceOrientationLandscapeLeft UIInterfaceOrientationLandscapeRight";
				INFOPLIST_KEY_UISupportedInterfaceOrientations_iPhone = "UIInterfaceOrientationPortrait UIInterfaceOrientationLandscapeLeft UIInterfaceOrientationLandscapeRight";
				LD_RUNPATH_SEARCH_PATHS = (
					"$(inherited)",
					"@executable_path/Frameworks",
				);
				MARKETING_VERSION = 1.0;
				PRODUCT_BUNDLE_IDENTIFIER = forFunAtHome.FamilyTree;
				PRODUCT_NAME = "$(TARGET_NAME)";
				SWIFT_EMIT_LOC_STRINGS = YES;
				SWIFT_VERSION = 5.0;
				TARGETED_DEVICE_FAMILY = "1,2";
			};
			name = Debug;
		};
		10EB43F12CBF21480048B5C4 /* Release */ = {
			isa = XCBuildConfiguration;
			buildSettings = {
				ASSETCATALOG_COMPILER_APPICON_NAME = AppIcon;
				ASSETCATALOG_COMPILER_GLOBAL_ACCENT_COLOR_NAME = AccentColor;
				CODE_SIGN_STYLE = Automatic;
				CURRENT_PROJECT_VERSION = 1;
				GENERATE_INFOPLIST_FILE = YES;
				INFOPLIST_FILE = FamilyTree/Info.plist;
				INFOPLIST_KEY_UIApplicationSupportsIndirectInputEvents = YES;
				INFOPLIST_KEY_UILaunchStoryboardName = LaunchScreen;
				INFOPLIST_KEY_UIMainStoryboardFile = Main;
				INFOPLIST_KEY_UISupportedInterfaceOrientations_iPad = "UIInterfaceOrientationPortrait UIInterfaceOrientationPortraitUpsideDown UIInterfaceOrientationLandscapeLeft UIInterfaceOrientationLandscapeRight";
				INFOPLIST_KEY_UISupportedInterfaceOrientations_iPhone = "UIInterfaceOrientationPortrait UIInterfaceOrientationLandscapeLeft UIInterfaceOrientationLandscapeRight";
				LD_RUNPATH_SEARCH_PATHS = (
					"$(inherited)",
					"@executable_path/Frameworks",
				);
				MARKETING_VERSION = 1.0;
				PRODUCT_BUNDLE_IDENTIFIER = forFunAtHome.FamilyTree;
				PRODUCT_NAME = "$(TARGET_NAME)";
				SWIFT_EMIT_LOC_STRINGS = YES;
				SWIFT_VERSION = 5.0;
				TARGETED_DEVICE_FAMILY = "1,2";
			};
			name = Release;
		};
		10EB43F32CBF21480048B5C4 /* Debug */ = {
			isa = XCBuildConfiguration;
			buildSettings = {
				ALWAYS_EMBED_SWIFT_STANDARD_LIBRARIES = YES;
				BUNDLE_LOADER = "$(TEST_HOST)";
				CODE_SIGN_STYLE = Automatic;
				CURRENT_PROJECT_VERSION = 1;
				GENERATE_INFOPLIST_FILE = YES;
				IPHONEOS_DEPLOYMENT_TARGET = 17.0;
				MARKETING_VERSION = 1.0;
				PRODUCT_BUNDLE_IDENTIFIER = forFunAtHome.FamilyTreeTests;
				PRODUCT_NAME = "$(TARGET_NAME)";
				SWIFT_EMIT_LOC_STRINGS = NO;
				SWIFT_VERSION = 5.0;
				TARGETED_DEVICE_FAMILY = "1,2";
				TEST_HOST = "$(BUILT_PRODUCTS_DIR)/FamilyTree.app/$(BUNDLE_EXECUTABLE_FOLDER_PATH)/FamilyTree";
			};
			name = Debug;
		};
		10EB43F42CBF21480048B5C4 /* Release */ = {
			isa = XCBuildConfiguration;
			buildSettings = {
				ALWAYS_EMBED_SWIFT_STANDARD_LIBRARIES = YES;
				BUNDLE_LOADER = "$(TEST_HOST)";
				CODE_SIGN_STYLE = Automatic;
				CURRENT_PROJECT_VERSION = 1;
				GENERATE_INFOPLIST_FILE = YES;
				IPHONEOS_DEPLOYMENT_TARGET = 17.0;
				MARKETING_VERSION = 1.0;
				PRODUCT_BUNDLE_IDENTIFIER = forFunAtHome.FamilyTreeTests;
				PRODUCT_NAME = "$(TARGET_NAME)";
				SWIFT_EMIT_LOC_STRINGS = NO;
				SWIFT_VERSION = 5.0;
				TARGETED_DEVICE_FAMILY = "1,2";
				TEST_HOST = "$(BUILT_PRODUCTS_DIR)/FamilyTree.app/$(BUNDLE_EXECUTABLE_FOLDER_PATH)/FamilyTree";
			};
			name = Release;
		};
		10EB43F62CBF21480048B5C4 /* Debug */ = {
			isa = XCBuildConfiguration;
			buildSettings = {
				ALWAYS_EMBED_SWIFT_STANDARD_LIBRARIES = YES;
				CODE_SIGN_STYLE = Automatic;
				CURRENT_PROJECT_VERSION = 1;
				GENERATE_INFOPLIST_FILE = YES;
				MARKETING_VERSION = 1.0;
				PRODUCT_BUNDLE_IDENTIFIER = forFunAtHome.FamilyTreeUITests;
				PRODUCT_NAME = "$(TARGET_NAME)";
				SWIFT_EMIT_LOC_STRINGS = NO;
				SWIFT_VERSION = 5.0;
				TARGETED_DEVICE_FAMILY = "1,2";
				TEST_TARGET_NAME = FamilyTree;
			};
			name = Debug;
		};
		10EB43F72CBF21480048B5C4 /* Release */ = {
			isa = XCBuildConfiguration;
			buildSettings = {
				ALWAYS_EMBED_SWIFT_STANDARD_LIBRARIES = YES;
				CODE_SIGN_STYLE = Automatic;
				CURRENT_PROJECT_VERSION = 1;
				GENERATE_INFOPLIST_FILE = YES;
				MARKETING_VERSION = 1.0;
				PRODUCT_BUNDLE_IDENTIFIER = forFunAtHome.FamilyTreeUITests;
				PRODUCT_NAME = "$(TARGET_NAME)";
				SWIFT_EMIT_LOC_STRINGS = NO;
				SWIFT_VERSION = 5.0;
				TARGETED_DEVICE_FAMILY = "1,2";
				TEST_TARGET_NAME = FamilyTree;
			};
			name = Release;
		};
/* End XCBuildConfiguration section */

/* Begin XCConfigurationList section */
		10EB43C02CBF21470048B5C4 /* Build configuration list for PBXProject "FamilyTree" */ = {
			isa = XCConfigurationList;
			buildConfigurations = (
				10EB43ED2CBF21480048B5C4 /* Debug */,
				10EB43EE2CBF21480048B5C4 /* Release */,
			);
			defaultConfigurationIsVisible = 0;
			defaultConfigurationName = Release;
		};
		10EB43EF2CBF21480048B5C4 /* Build configuration list for PBXNativeTarget "FamilyTree" */ = {
			isa = XCConfigurationList;
			buildConfigurations = (
				10EB43F02CBF21480048B5C4 /* Debug */,
				10EB43F12CBF21480048B5C4 /* Release */,
			);
			defaultConfigurationIsVisible = 0;
			defaultConfigurationName = Release;
		};
		10EB43F22CBF21480048B5C4 /* Build configuration list for PBXNativeTarget "FamilyTreeTests" */ = {
			isa = XCConfigurationList;
			buildConfigurations = (
				10EB43F32CBF21480048B5C4 /* Debug */,
				10EB43F42CBF21480048B5C4 /* Release */,
			);
			defaultConfigurationIsVisible = 0;
			defaultConfigurationName = Release;
		};
		10EB43F52CBF21480048B5C4 /* Build configuration list for PBXNativeTarget "FamilyTreeUITests" */ = {
			isa = XCConfigurationList;
			buildConfigurations = (
				10EB43F62CBF21480048B5C4 /* Debug */,
				10EB43F72CBF21480048B5C4 /* Release */,
			);
			defaultConfigurationIsVisible = 0;
			defaultConfigurationName = Release;
		};
/* End XCConfigurationList section */
	};
	rootObject = 10EB43BD2CBF21470048B5C4 /* Project object */;
}
